// !$*UTF8*$!
{
	archiveVersion = 1;
	classes = {
	};
	objectVersion = 50;
	objects = {

/* Begin PBXBuildFile section */
		B274D57C23437A2700596276 /* AppDelegate.swift in Sources */ = {isa = PBXBuildFile; fileRef = B274D57B23437A2700596276 /* AppDelegate.swift */; };
		B274D57E23437A2700596276 /* SceneDelegate.swift in Sources */ = {isa = PBXBuildFile; fileRef = B274D57D23437A2700596276 /* SceneDelegate.swift */; };
		B274D58023437A2700596276 /* ListerViewController.swift in Sources */ = {isa = PBXBuildFile; fileRef = B274D57F23437A2700596276 /* ListerViewController.swift */; };
		B274D58323437A2700596276 /* Main.storyboard in Resources */ = {isa = PBXBuildFile; fileRef = B274D58123437A2700596276 /* Main.storyboard */; };
		B274D58523437A2800596276 /* Assets.xcassets in Resources */ = {isa = PBXBuildFile; fileRef = B274D58423437A2800596276 /* Assets.xcassets */; };
		B274D58823437A2800596276 /* LaunchScreen.storyboard in Resources */ = {isa = PBXBuildFile; fileRef = B274D58623437A2800596276 /* LaunchScreen.storyboard */; };
		B274D590234B98D300596276 /* Item.swift in Sources */ = {isa = PBXBuildFile; fileRef = B274D58F234B98D300596276 /* Item.swift */; };
/* End PBXBuildFile section */

/* Begin PBXFileReference section */
		B274D57823437A2700596276 /* LISTer.app */ = {isa = PBXFileReference; explicitFileType = wrapper.application; includeInIndex = 0; path = LISTer.app; sourceTree = BUILT_PRODUCTS_DIR; };
		B274D57B23437A2700596276 /* AppDelegate.swift */ = {isa = PBXFileReference; lastKnownFileType = sourcecode.swift; path = AppDelegate.swift; sourceTree = "<group>"; };
		B274D57D23437A2700596276 /* SceneDelegate.swift */ = {isa = PBXFileReference; lastKnownFileType = sourcecode.swift; path = SceneDelegate.swift; sourceTree = "<group>"; };
		B274D57F23437A2700596276 /* ListerViewController.swift */ = {isa = PBXFileReference; lastKnownFileType = sourcecode.swift; path = ListerViewController.swift; sourceTree = "<group>"; };
		B274D58223437A2700596276 /* Base */ = {isa = PBXFileReference; lastKnownFileType = file.storyboard; name = Base; path = Base.lproj/Main.storyboard; sourceTree = "<group>"; };
		B274D58423437A2800596276 /* Assets.xcassets */ = {isa = PBXFileReference; lastKnownFileType = folder.assetcatalog; path = Assets.xcassets; sourceTree = "<group>"; };
		B274D58723437A2800596276 /* Base */ = {isa = PBXFileReference; lastKnownFileType = file.storyboard; name = Base; path = Base.lproj/LaunchScreen.storyboard; sourceTree = "<group>"; };
		B274D58923437A2800596276 /* Info.plist */ = {isa = PBXFileReference; lastKnownFileType = text.plist.xml; path = Info.plist; sourceTree = "<group>"; };
		B274D58F234B98D300596276 /* Item.swift */ = {isa = PBXFileReference; lastKnownFileType = sourcecode.swift; path = Item.swift; sourceTree = "<group>"; };
/* End PBXFileReference section */

/* Begin PBXFrameworksBuildPhase section */
		B274D57523437A2700596276 /* Frameworks */ = {
			isa = PBXFrameworksBuildPhase;
			buildActionMask = 2147483647;
			files = (
			);
			runOnlyForDeploymentPostprocessing = 0;
		};
/* End PBXFrameworksBuildPhase section */

/* Begin PBXGroup section */
		B274D56F23437A2700596276 = {
			isa = PBXGroup;
			children = (
				B274D57A23437A2700596276 /* LIST-er */,
				B274D57923437A2700596276 /* Products */,
			);
			sourceTree = "<group>";
		};
		B274D57923437A2700596276 /* Products */ = {
			isa = PBXGroup;
			children = (
				B274D57823437A2700596276 /* LISTer.app */,
			);
			name = Products;
			sourceTree = "<group>";
		};
		B274D57A23437A2700596276 /* LIST-er */ = {
			isa = PBXGroup;
			children = (
				B274D57D23437A2700596276 /* SceneDelegate.swift */,
				B274D592234B992600596276 /* Controllers */,
				B274D57B23437A2700596276 /* AppDelegate.swift */,
				B274D593234B993900596276 /* Views */,
				B274D594234B994B00596276 /* Supporting Files */,
				B274D58923437A2800596276 /* Info.plist */,
				B274D591234B990800596276 /* Data Model */,
			);
			path = "LIST-er";
			sourceTree = "<group>";
		};
		B274D591234B990800596276 /* Data Model */ = {
			isa = PBXGroup;
			children = (
				B274D58F234B98D300596276 /* Item.swift */,
			);
			path = "Data Model";
			sourceTree = "<group>";
		};
		B274D592234B992600596276 /* Controllers */ = {
			isa = PBXGroup;
			children = (
				B274D57F23437A2700596276 /* ListerViewController.swift */,
			);
			path = Controllers;
			sourceTree = "<group>";
		};
		B274D593234B993900596276 /* Views */ = {
			isa = PBXGroup;
			children = (
				B274D58123437A2700596276 /* Main.storyboard */,
			);
			path = Views;
			sourceTree = "<group>";
		};
		B274D594234B994B00596276 /* Supporting Files */ = {
			isa = PBXGroup;
			children = (
				B274D58423437A2800596276 /* Assets.xcassets */,
				B274D58623437A2800596276 /* LaunchScreen.storyboard */,
			);
			path = "Supporting Files";
			sourceTree = "<group>";
		};
/* End PBXGroup section */

/* Begin PBXNativeTarget section */
		B274D57723437A2700596276 /* LIST-er */ = {
			isa = PBXNativeTarget;
			buildConfigurationList = B274D58C23437A2800596276 /* Build configuration list for PBXNativeTarget "LIST-er" */;
			buildPhases = (
				B274D57423437A2700596276 /* Sources */,
				B274D57523437A2700596276 /* Frameworks */,
				B274D57623437A2700596276 /* Resources */,
			);
			buildRules = (
			);
			dependencies = (
			);
			name = "LIST-er";
			productName = "LIST-er";
			productReference = B274D57823437A2700596276 /* LISTer.app */;
			productType = "com.apple.product-type.application";
		};
/* End PBXNativeTarget section */

/* Begin PBXProject section */
		B274D57023437A2700596276 /* Project object */ = {
			isa = PBXProject;
			attributes = {
				LastSwiftUpdateCheck = 1100;
				LastUpgradeCheck = 1100;
				ORGANIZATIONNAME = Parth;
				TargetAttributes = {
					B274D57723437A2700596276 = {
						CreatedOnToolsVersion = 11.0;
					};
				};
			};
			buildConfigurationList = B274D57323437A2700596276 /* Build configuration list for PBXProject "LIST-er" */;
			compatibilityVersion = "Xcode 9.3";
			developmentRegion = en;
			hasScannedForEncodings = 0;
			knownRegions = (
				en,
				Base,
			);
			mainGroup = B274D56F23437A2700596276;
			productRefGroup = B274D57923437A2700596276 /* Products */;
			projectDirPath = "";
			projectRoot = "";
			targets = (
				B274D57723437A2700596276 /* LIST-er */,
			);
		};
/* End PBXProject section */

/* Begin PBXResourcesBuildPhase section */
		B274D57623437A2700596276 /* Resources */ = {
			isa = PBXResourcesBuildPhase;
			buildActionMask = 2147483647;
			files = (
				B274D58823437A2800596276 /* LaunchScreen.storyboard in Resources */,
				B274D58523437A2800596276 /* Assets.xcassets in Resources */,
				B274D58323437A2700596276 /* Main.storyboard in Resources */,
			);
			runOnlyForDeploymentPostprocessing = 0;
		};
/* End PBXResourcesBuildPhase section */

/* Begin PBXSourcesBuildPhase section */
		B274D57423437A2700596276 /* Sources */ = {
			isa = PBXSourcesBuildPhase;
			buildActionMask = 2147483647;
			files = (
				B274D590234B98D300596276 /* Item.swift in Sources */,
				B274D58023437A2700596276 /* ListerViewController.swift in Sources */,
				B274D57C23437A2700596276 /* AppDelegate.swift in Sources */,
				B274D57E23437A2700596276 /* SceneDelegate.swift in Sources */,
			);
			runOnlyForDeploymentPostprocessing = 0;
		};
/* End PBXSourcesBuildPhase section */

/* Begin PBXVariantGroup section */
		B274D58123437A2700596276 /* Main.storyboard */ = {
			isa = PBXVariantGroup;
			children = (
				B274D58223437A2700596276 /* Base */,
			);
			name = Main.storyboard;
			sourceTree = "<group>";
		};
		B274D58623437A2800596276 /* LaunchScreen.storyboard */ = {
			isa = PBXVariantGroup;
			children = (
				B274D58723437A2800596276 /* Base */,
			);
			name = LaunchScreen.storyboard;
			sourceTree = "<group>";
		};
/* End PBXVariantGroup section */

/* Begin XCBuildConfiguration section */
		B274D58A23437A2800596276 /* Debug */ = {
			isa = XCBuildConfiguration;
			buildSettings = {
				ALWAYS_SEARCH_USER_PATHS = NO;
				CLANG_ANALYZER_NONNULL = YES;
				CLANG_ANALYZER_NUMBER_OBJECT_CONVERSION = YES_AGGRESSIVE;
				CLANG_CXX_LANGUAGE_STANDARD = "gnu++14";
				CLANG_CXX_LIBRARY = "libc++";
				CLANG_ENABLE_MODULES = YES;
				CLANG_ENABLE_OBJC_ARC = YES;
				CLANG_ENABLE_OBJC_WEAK = YES;
				CLANG_WARN_BLOCK_CAPTURE_AUTORELEASING = YES;
				CLANG_WARN_BOOL_CONVERSION = YES;
				CLANG_WARN_COMMA = YES;
				CLANG_WARN_CONSTANT_CONVERSION = YES;
				CLANG_WARN_DEPRECATED_OBJC_IMPLEMENTATIONS = YES;
				CLANG_WARN_DIRECT_OBJC_ISA_USAGE = YES_ERROR;
				CLANG_WARN_DOCUMENTATION_COMMENTS = YES;
				CLANG_WARN_EMPTY_BODY = YES;
				CLANG_WARN_ENUM_CONVERSION = YES;
				CLANG_WARN_INFINITE_RECURSION = YES;
				CLANG_WARN_INT_CONVERSION = YES;
				CLANG_WARN_NON_LITERAL_NULL_CONVERSION = YES;
				CLANG_WARN_OBJC_IMPLICIT_RETAIN_SELF = YES;
				CLANG_WARN_OBJC_LITERAL_CONVERSION = YES;
				CLANG_WARN_OBJC_ROOT_CLASS = YES_ERROR;
				CLANG_WARN_RANGE_LOOP_ANALYSIS = YES;
				CLANG_WARN_STRICT_PROTOTYPES = YES;
				CLANG_WARN_SUSPICIOUS_MOVE = YES;
				CLANG_WARN_UNGUARDED_AVAILABILITY = YES_AGGRESSIVE;
				CLANG_WARN_UNREACHABLE_CODE = YES;
				CLANG_WARN__DUPLICATE_METHOD_MATCH = YES;
				COPY_PHASE_STRIP = NO;
				DEBUG_INFORMATION_FORMAT = dwarf;
				ENABLE_STRICT_OBJC_MSGSEND = YES;
				ENABLE_TESTABILITY = YES;
				GCC_C_LANGUAGE_STANDARD = gnu11;
				GCC_DYNAMIC_NO_PIC = NO;
				GCC_NO_COMMON_BLOCKS = YES;
				GCC_OPTIMIZATION_LEVEL = 0;
				GCC_PREPROCESSOR_DEFINITIONS = (
					"DEBUG=1",
					"$(inherited)",
				);
				GCC_WARN_64_TO_32_BIT_CONVERSION = YES;
				GCC_WARN_ABOUT_RETURN_TYPE = YES_ERROR;
				GCC_WARN_UNDECLARED_SELECTOR = YES;
				GCC_WARN_UNINITIALIZED_AUTOS = YES_AGGRESSIVE;
				GCC_WARN_UNUSED_FUNCTION = YES;
				GCC_WARN_UNUSED_VARIABLE = YES;
				IPHONEOS_DEPLOYMENT_TARGET = 13.0;
				MTL_ENABLE_DEBUG_INFO = INCLUDE_SOURCE;
				MTL_FAST_MATH = YES;
				ONLY_ACTIVE_ARCH = YES;
				SDKROOT = iphoneos;
				SWIFT_ACTIVE_COMPILATION_CONDITIONS = DEBUG;
				SWIFT_OPTIMIZATION_LEVEL = "-Onone";
			};
			name = Debug;
		};
		B274D58B23437A2800596276 /* Release */ = {
			isa = XCBuildConfiguration;
			buildSettings = {
				ALWAYS_SEARCH_USER_PATHS = NO;
				CLANG_ANALYZER_NONNULL = YES;
				CLANG_ANALYZER_NUMBER_OBJECT_CONVERSION = YES_AGGRESSIVE;
				CLANG_CXX_LANGUAGE_STANDARD = "gnu++14";
				CLANG_CXX_LIBRARY = "libc++";
				CLANG_ENABLE_MODULES = YES;
				CLANG_ENABLE_OBJC_ARC = YES;
				CLANG_ENABLE_OBJC_WEAK = YES;
				CLANG_WARN_BLOCK_CAPTURE_AUTORELEASING = YES;
				CLANG_WARN_BOOL_CONVERSION = YES;
				CLANG_WARN_COMMA = YES;
				CLANG_WARN_CONSTANT_CONVERSION = YES;
				CLANG_WARN_DEPRECATED_OBJC_IMPLEMENTATIONS = YES;
				CLANG_WARN_DIRECT_OBJC_ISA_USAGE = YES_ERROR;
				CLANG_WARN_DOCUMENTATION_COMMENTS = YES;
				CLANG_WARN_EMPTY_BODY = YES;
				CLANG_WARN_ENUM_CONVERSION = YES;
				CLANG_WARN_INFINITE_RECURSION = YES;
				CLANG_WARN_INT_CONVERSION = YES;
				CLANG_WARN_NON_LITERAL_NULL_CONVERSION = YES;
				CLANG_WARN_OBJC_IMPLICIT_RETAIN_SELF = YES;
				CLANG_WARN_OBJC_LITERAL_CONVERSION = YES;
				CLANG_WARN_OBJC_ROOT_CLASS = YES_ERROR;
				CLANG_WARN_RANGE_LOOP_ANALYSIS = YES;
				CLANG_WARN_STRICT_PROTOTYPES = YES;
				CLANG_WARN_SUSPICIOUS_MOVE = YES;
				CLANG_WARN_UNGUARDED_AVAILABILITY = YES_AGGRESSIVE;
				CLANG_WARN_UNREACHABLE_CODE = YES;
				CLANG_WARN__DUPLICATE_METHOD_MATCH = YES;
				COPY_PHASE_STRIP = NO;
				DEBUG_INFORMATION_FORMAT = "dwarf-with-dsym";
				ENABLE_NS_ASSERTIONS = NO;
				ENABLE_STRICT_OBJC_MSGSEND = YES;
				GCC_C_LANGUAGE_STANDARD = gnu11;
				GCC_NO_COMMON_BLOCKS = YES;
				GCC_WARN_64_TO_32_BIT_CONVERSION = YES;
				GCC_WARN_ABOUT_RETURN_TYPE = YES_ERROR;
				GCC_WARN_UNDECLARED_SELECTOR = YES;
				GCC_WARN_UNINITIALIZED_AUTOS = YES_AGGRESSIVE;
				GCC_WARN_UNUSED_FUNCTION = YES;
				GCC_WARN_UNUSED_VARIABLE = YES;
				IPHONEOS_DEPLOYMENT_TARGET = 13.0;
				MTL_ENABLE_DEBUG_INFO = NO;
				MTL_FAST_MATH = YES;
				SDKROOT = iphoneos;
				SWIFT_COMPILATION_MODE = wholemodule;
				SWIFT_OPTIMIZATION_LEVEL = "-O";
				VALIDATE_PRODUCT = YES;
			};
			name = Release;
		};
		B274D58D23437A2800596276 /* Debug */ = {
			isa = XCBuildConfiguration;
			buildSettings = {
				ASSETCATALOG_COMPILER_APPICON_NAME = AppIcon;
				CODE_SIGN_STYLE = Automatic;
				DEVELOPMENT_TEAM = 9LL9B9TC66;
				INFOPLIST_FILE = "LIST-er/Info.plist";
				LD_RUNPATH_SEARCH_PATHS = (
					"$(inherited)",
					"@executable_path/Frameworks",
				);
				PRODUCT_BUNDLE_IDENTIFIER = "com.Parth.LIST-er";
				PRODUCT_NAME = LISTer;
				SWIFT_VERSION = 5.0;
				TARGETED_DEVICE_FAMILY = "1,2";
			};
			name = Debug;
		};
		B274D58E23437A2800596276 /* Release */ = {
			isa = XCBuildConfiguration;
			buildSettings = {
				ASSETCATALOG_COMPILER_APPICON_NAME = AppIcon;
				CODE_SIGN_STYLE = Automatic;
				DEVELOPMENT_TEAM = 9LL9B9TC66;
				INFOPLIST_FILE = "LIST-er/Info.plist";
				LD_RUNPATH_SEARCH_PATHS = (
					"$(inherited)",
					"@executable_path/Frameworks",
				);
				PRODUCT_BUNDLE_IDENTIFIER = "com.Parth.LIST-er";
				PRODUCT_NAME = LISTer;
				SWIFT_VERSION = 5.0;
				TARGETED_DEVICE_FAMILY = "1,2";
			};
			name = Release;
		};
/* End XCBuildConfiguration section */

/* Begin XCConfigurationList section */
		B274D57323437A2700596276 /* Build configuration list for PBXProject "LIST-er" */ = {
			isa = XCConfigurationList;
			buildConfigurations = (
				B274D58A23437A2800596276 /* Debug */,
				B274D58B23437A2800596276 /* Release */,
			);
			defaultConfigurationIsVisible = 0;
			defaultConfigurationName = Release;
		};
		B274D58C23437A2800596276 /* Build configuration list for PBXNativeTarget "LIST-er" */ = {
			isa = XCConfigurationList;
			buildConfigurations = (
				B274D58D23437A2800596276 /* Debug */,
				B274D58E23437A2800596276 /* Release */,
			);
			defaultConfigurationIsVisible = 0;
			defaultConfigurationName = Release;
		};
/* End XCConfigurationList section */
	};
	rootObject = B274D57023437A2700596276 /* Project object */;
}
